
Microsoft Visual Studio Solution File, Format Version 12.00
# Visual Studio Version 17
VisualStudioVersion = 17.5.33530.505
MinimumVisualStudioVersion = 10.0.40219.1
Project("{9A19103F-16F7-4668-BE54-9A1E7A4F7556}") = "DotnetBlogService_WebAPI", "DotnetBlogService_WebAPI\DotnetBlogService_WebAPI.csproj", "{B96989ED-250A-4C76-AEC7-EBB6B10A85C3}"
EndProject
Project("{9A19103F-16F7-4668-BE54-9A1E7A4F7556}") = "DotnetBlogService_EFCore", "DotnetBlogService_EFCore\DotnetBlogService_EFCore.csproj", "{AACC61D2-5BFC-4A01-AB95-8F90B302EAA4}"
EndProject
Global
	GlobalSection(SolutionConfigurationPlatforms) = preSolution
		Debug|Any CPU = Debug|Any CPU
		Release|Any CPU = Release|Any CPU
	EndGlobalSection
	GlobalSection(ProjectConfigurationPlatforms) = postSolution
		{B96989ED-250A-4C76-AEC7-EBB6B10A85C3}.Debug|Any CPU.ActiveCfg = Debug|Any CPU
		{B96989ED-250A-4C76-AEC7-EBB6B10A85C3}.Debug|Any CPU.Build.0 = Debug|Any CPU
		{B96989ED-250A-4C76-AEC7-EBB6B10A85C3}.Release|Any CPU.ActiveCfg = Release|Any CPU
		{B96989ED-250A-4C76-AEC7-EBB6B10A85C3}.Release|Any CPU.Build.0 = Release|Any CPU
		{AACC61D2-5BFC-4A01-AB95-8F90B302EAA4}.Debug|Any CPU.ActiveCfg = Debug|Any CPU
		{AACC61D2-5BFC-4A01-AB95-8F90B302EAA4}.Debug|Any CPU.Build.0 = Debug|Any CPU
		{AACC61D2-5BFC-4A01-AB95-8F90B302EAA4}.Release|Any CPU.ActiveCfg = Release|Any CPU
		{AACC61D2-5BFC-4A01-AB95-8F90B302EAA4}.Release|Any CPU.Build.0 = Release|Any CPU
	EndGlobalSection
	GlobalSection(SolutionProperties) = preSolution
		HideSolutionNode = FALSE
	EndGlobalSection
	GlobalSection(ExtensibilityGlobals) = postSolution
		SolutionGuid = {626C2352-D476-4059-9FDE-83643CBAB74B}
	EndGlobalSection
EndGlobal
