
Microsoft Visual Studio Solution File, Format Version 12.00
# Visual Studio Version 17
VisualStudioVersion = 17.5.33530.505
MinimumVisualStudioVersion = 10.0.40219.1
Project("{9A19103F-16F7-4668-BE54-9A1E7A4F7556}") = "DotnetBlogService_EFCore", "DotnetBlogService_EFCore.csproj", "{306C18A8-EEB3-4AE6-A9FB-64C639EBEC23}"
EndProject
Global
	GlobalSection(SolutionConfigurationPlatforms) = preSolution
		Debug|Any CPU = Debug|Any CPU
		Release|Any CPU = Release|Any CPU
	EndGlobalSection
	GlobalSection(ProjectConfigurationPlatforms) = postSolution
		{306C18A8-EEB3-4AE6-A9FB-64C639EBEC23}.Debug|Any CPU.ActiveCfg = Debug|Any CPU
		{306C18A8-EEB3-4AE6-A9FB-64C639EBEC23}.Debug|Any CPU.Build.0 = Debug|Any CPU
		{306C18A8-EEB3-4AE6-A9FB-64C639EBEC23}.Release|Any CPU.ActiveCfg = Release|Any CPU
		{306C18A8-EEB3-4AE6-A9FB-64C639EBEC23}.Release|Any CPU.Build.0 = Release|Any CPU
	EndGlobalSection
	GlobalSection(SolutionProperties) = preSolution
		HideSolutionNode = FALSE
	EndGlobalSection
	GlobalSection(ExtensibilityGlobals) = postSolution
		SolutionGuid = {509C2884-7171-4774-A464-D29E14C627B6}
	EndGlobalSection
EndGlobal
